
Microsoft Visual Studio Solution File, Format Version 12.00
# Visual Studio Version 16
VisualStudioVersion = 16.0.28922.388
MinimumVisualStudioVersion = 10.0.40219.1
Project("{FAE04EC0-301F-11D3-BF4B-00C04F79EFBC}") = "Analysys001", "Analysys001\Analysys001.csproj", "{D973FFE5-9936-4A90-8538-B62AEBC0BEB0}"
EndProject
Global
	GlobalSection(SolutionConfigurationPlatforms) = preSolution
		Debug|Any CPU = Debug|Any CPU
		Release|Any CPU = Release|Any CPU
	EndGlobalSection
	GlobalSection(ProjectConfigurationPlatforms) = postSolution
		{D973FFE5-9936-4A90-8538-B62AEBC0BEB0}.Debug|Any CPU.ActiveCfg = Debug|Any CPU
		{D973FFE5-9936-4A90-8538-B62AEBC0BEB0}.Debug|Any CPU.Build.0 = Debug|Any CPU
		{D973FFE5-9936-4A90-8538-B62AEBC0BEB0}.Release|Any CPU.ActiveCfg = Release|Any CPU
		{D973FFE5-9936-4A90-8538-B62AEBC0BEB0}.Release|Any CPU.Build.0 = Release|Any CPU
	EndGlobalSection
	GlobalSection(SolutionProperties) = preSolution
		HideSolutionNode = FALSE
	EndGlobalSection
	GlobalSection(ExtensibilityGlobals) = postSolution
		SolutionGuid = {45E9A39E-3BE1-404F-83BE-7F54C2A82E62}
	EndGlobalSection
EndGlobal
